
Microsoft Visual Studio Solution File, Format Version 12.00
# Visual Studio Version 17
VisualStudioVersion = 17.7.34031.279
MinimumVisualStudioVersion = 10.0.40219.1
Project("{FAE04EC0-301F-11D3-BF4B-00C04F79EFBC}") = "practica mia", "practica mia\practica mia.csproj", "{94B12D34-529C-4065-946E-7456EDC719BF}"
EndProject
Global
	GlobalSection(SolutionConfigurationPlatforms) = preSolution
		Debug|Any CPU = Debug|Any CPU
		Release|Any CPU = Release|Any CPU
	EndGlobalSection
	GlobalSection(ProjectConfigurationPlatforms) = postSolution
		{94B12D34-529C-4065-946E-7456EDC719BF}.Debug|Any CPU.ActiveCfg = Debug|Any CPU
		{94B12D34-529C-4065-946E-7456EDC719BF}.Debug|Any CPU.Build.0 = Debug|Any CPU
		{94B12D34-529C-4065-946E-7456EDC719BF}.Release|Any CPU.ActiveCfg = Release|Any CPU
		{94B12D34-529C-4065-946E-7456EDC719BF}.Release|Any CPU.Build.0 = Release|Any CPU
	EndGlobalSection
	GlobalSection(SolutionProperties) = preSolution
		HideSolutionNode = FALSE
	EndGlobalSection
	GlobalSection(ExtensibilityGlobals) = postSolution
		SolutionGuid = {556C43EB-22B0-448C-A94D-946B85F63ACE}
	EndGlobalSection
EndGlobal
